
Microsoft Visual Studio Solution File, Format Version 12.00
# Visual Studio Version 17
VisualStudioVersion = 17.0.31903.59
MinimumVisualStudioVersion = 10.0.40219.1
Project("{2150E333-8FDC-42A3-9474-1A3956D46DE8}") = "01 Apis", "01 Apis", "{C48F81C9-339A-4344-9C49-B8EAD960F59E}"
EndProject
Project("{2150E333-8FDC-42A3-9474-1A3956D46DE8}") = "02 Core", "02 Core", "{73351886-7B4C-4025-B5D9-3F60B81D07DE}"
EndProject
Project("{2150E333-8FDC-42A3-9474-1A3956D46DE8}") = "03 Database", "03 Database", "{D2C2611B-7B0A-4EAC-8A57-45D5D99EE7B0}"
EndProject
Project("{2150E333-8FDC-42A3-9474-1A3956D46DE8}") = "04 Common", "04 Common", "{9CF5C960-7935-496A-B681-75EDA43A3F73}"
EndProject
Project("{2150E333-8FDC-42A3-9474-1A3956D46DE8}") = "05 Tests", "05 Tests", "{3381756E-BA6A-4CF2-B77E-BB149A45A4AD}"
EndProject
Project("{FAE04EC0-301F-11D3-BF4B-00C04F79EFBC}") = "Common", "Common\Common.csproj", "{25C96311-C431-455B-B448-0005609813BE}"
EndProject
Project("{FAE04EC0-301F-11D3-BF4B-00C04F79EFBC}") = "DataAccess", "DataAccess\DataAccess.csproj", "{65796EF5-AFF9-47EC-9CE4-B32527B06184}"
EndProject
Project("{FAE04EC0-301F-11D3-BF4B-00C04F79EFBC}") = "Test", "Test\Test.csproj", "{DC8D1D05-664E-43B0-B3E6-C996175200AD}"
EndProject
Project("{FAE04EC0-301F-11D3-BF4B-00C04F79EFBC}") = "Core", "Core\Core.csproj", "{2434DA7E-630B-4F72-85AD-5D8FD2F76C5A}"
EndProject
Project("{FAE04EC0-301F-11D3-BF4B-00C04F79EFBC}") = "Core.Contracts", "Core\Core.Contracts\Core.Contracts.csproj", "{64060D6F-5FB3-4CB7-9B0F-31F7374E7852}"
EndProject
Project("{FAE04EC0-301F-11D3-BF4B-00C04F79EFBC}") = "Api", "Api\Api.csproj", "{E838322C-0DCE-499C-8A4E-5702EC23E8D6}"
EndProject
Global
	GlobalSection(SolutionConfigurationPlatforms) = preSolution
		Debug|Any CPU = Debug|Any CPU
		Release|Any CPU = Release|Any CPU
	EndGlobalSection
	GlobalSection(SolutionProperties) = preSolution
		HideSolutionNode = FALSE
	EndGlobalSection
	GlobalSection(ProjectConfigurationPlatforms) = postSolution
		{25C96311-C431-455B-B448-0005609813BE}.Debug|Any CPU.ActiveCfg = Debug|Any CPU
		{25C96311-C431-455B-B448-0005609813BE}.Debug|Any CPU.Build.0 = Debug|Any CPU
		{25C96311-C431-455B-B448-0005609813BE}.Release|Any CPU.ActiveCfg = Release|Any CPU
		{25C96311-C431-455B-B448-0005609813BE}.Release|Any CPU.Build.0 = Release|Any CPU
		{65796EF5-AFF9-47EC-9CE4-B32527B06184}.Debug|Any CPU.ActiveCfg = Debug|Any CPU
		{65796EF5-AFF9-47EC-9CE4-B32527B06184}.Debug|Any CPU.Build.0 = Debug|Any CPU
		{65796EF5-AFF9-47EC-9CE4-B32527B06184}.Release|Any CPU.ActiveCfg = Release|Any CPU
		{65796EF5-AFF9-47EC-9CE4-B32527B06184}.Release|Any CPU.Build.0 = Release|Any CPU
		{DC8D1D05-664E-43B0-B3E6-C996175200AD}.Debug|Any CPU.ActiveCfg = Debug|Any CPU
		{DC8D1D05-664E-43B0-B3E6-C996175200AD}.Debug|Any CPU.Build.0 = Debug|Any CPU
		{DC8D1D05-664E-43B0-B3E6-C996175200AD}.Release|Any CPU.ActiveCfg = Release|Any CPU
		{DC8D1D05-664E-43B0-B3E6-C996175200AD}.Release|Any CPU.Build.0 = Release|Any CPU
		{2434DA7E-630B-4F72-85AD-5D8FD2F76C5A}.Debug|Any CPU.ActiveCfg = Debug|Any CPU
		{2434DA7E-630B-4F72-85AD-5D8FD2F76C5A}.Debug|Any CPU.Build.0 = Debug|Any CPU
		{2434DA7E-630B-4F72-85AD-5D8FD2F76C5A}.Release|Any CPU.ActiveCfg = Release|Any CPU
		{2434DA7E-630B-4F72-85AD-5D8FD2F76C5A}.Release|Any CPU.Build.0 = Release|Any CPU
		{64060D6F-5FB3-4CB7-9B0F-31F7374E7852}.Debug|Any CPU.ActiveCfg = Debug|Any CPU
		{64060D6F-5FB3-4CB7-9B0F-31F7374E7852}.Debug|Any CPU.Build.0 = Debug|Any CPU
		{64060D6F-5FB3-4CB7-9B0F-31F7374E7852}.Release|Any CPU.ActiveCfg = Release|Any CPU
		{64060D6F-5FB3-4CB7-9B0F-31F7374E7852}.Release|Any CPU.Build.0 = Release|Any CPU
		{E838322C-0DCE-499C-8A4E-5702EC23E8D6}.Debug|Any CPU.ActiveCfg = Debug|Any CPU
		{E838322C-0DCE-499C-8A4E-5702EC23E8D6}.Debug|Any CPU.Build.0 = Debug|Any CPU
		{E838322C-0DCE-499C-8A4E-5702EC23E8D6}.Release|Any CPU.ActiveCfg = Release|Any CPU
		{E838322C-0DCE-499C-8A4E-5702EC23E8D6}.Release|Any CPU.Build.0 = Release|Any CPU
	EndGlobalSection
	GlobalSection(NestedProjects) = preSolution
		{25C96311-C431-455B-B448-0005609813BE} = {9CF5C960-7935-496A-B681-75EDA43A3F73}
		{65796EF5-AFF9-47EC-9CE4-B32527B06184} = {D2C2611B-7B0A-4EAC-8A57-45D5D99EE7B0}
		{DC8D1D05-664E-43B0-B3E6-C996175200AD} = {3381756E-BA6A-4CF2-B77E-BB149A45A4AD}
		{2434DA7E-630B-4F72-85AD-5D8FD2F76C5A} = {73351886-7B4C-4025-B5D9-3F60B81D07DE}
		{64060D6F-5FB3-4CB7-9B0F-31F7374E7852} = {73351886-7B4C-4025-B5D9-3F60B81D07DE}
		{E838322C-0DCE-499C-8A4E-5702EC23E8D6} = {C48F81C9-339A-4344-9C49-B8EAD960F59E}
	EndGlobalSection
EndGlobal
